
Microsoft Visual Studio Solution File, Format Version 12.00
# Visual Studio Version 16
VisualStudioVersion = 16.0.30114.105
MinimumVisualStudioVersion = 10.0.40219.1
Project("{2150E333-8FDC-42A3-9474-1A3956D46DE8}") = "src", "src", "{86A76CC9-506C-413F-BBD4-3C3C7848EACE}"
EndProject
Project("{FAE04EC0-301F-11D3-BF4B-00C04F79EFBC}") = "BowlingGame", "src\BowlingGame\BowlingGame.csproj", "{AB900977-5845-4FF0-BFBB-30EBE5A21AC5}"
EndProject
Project("{2150E333-8FDC-42A3-9474-1A3956D46DE8}") = "tests", "tests", "{A0B9DCAA-4C24-4973-A0D1-3550B3BD7153}"
EndProject
Project("{FAE04EC0-301F-11D3-BF4B-00C04F79EFBC}") = "BowlingGame.Test", "tests\BowlingGame.Test\BowlingGame.Test.csproj", "{595337EC-1BC8-47D6-9136-F07B06FF39B1}"
EndProject
Global
	GlobalSection(SolutionConfigurationPlatforms) = preSolution
		Debug|Any CPU = Debug|Any CPU
		Release|Any CPU = Release|Any CPU
	EndGlobalSection
	GlobalSection(SolutionProperties) = preSolution
		HideSolutionNode = FALSE
	EndGlobalSection
	GlobalSection(ProjectConfigurationPlatforms) = postSolution
		{AB900977-5845-4FF0-BFBB-30EBE5A21AC5}.Debug|Any CPU.ActiveCfg = Debug|Any CPU
		{AB900977-5845-4FF0-BFBB-30EBE5A21AC5}.Debug|Any CPU.Build.0 = Debug|Any CPU
		{AB900977-5845-4FF0-BFBB-30EBE5A21AC5}.Release|Any CPU.ActiveCfg = Release|Any CPU
		{AB900977-5845-4FF0-BFBB-30EBE5A21AC5}.Release|Any CPU.Build.0 = Release|Any CPU
		{595337EC-1BC8-47D6-9136-F07B06FF39B1}.Debug|Any CPU.ActiveCfg = Debug|Any CPU
		{595337EC-1BC8-47D6-9136-F07B06FF39B1}.Debug|Any CPU.Build.0 = Debug|Any CPU
		{595337EC-1BC8-47D6-9136-F07B06FF39B1}.Release|Any CPU.ActiveCfg = Release|Any CPU
		{595337EC-1BC8-47D6-9136-F07B06FF39B1}.Release|Any CPU.Build.0 = Release|Any CPU
	EndGlobalSection
	GlobalSection(NestedProjects) = preSolution
		{AB900977-5845-4FF0-BFBB-30EBE5A21AC5} = {86A76CC9-506C-413F-BBD4-3C3C7848EACE}
		{595337EC-1BC8-47D6-9136-F07B06FF39B1} = {A0B9DCAA-4C24-4973-A0D1-3550B3BD7153}
	EndGlobalSection
EndGlobal
